
Microsoft Visual Studio Solution File, Format Version 12.00
# Visual Studio 2015
Project("{FAE04EC0-301F-11D3-BF4B-00C04F79EFBC}") = "PrisonBreakVRGame.CSharp.Plugins", "PrisonBreakVRGame.CSharp.Plugins.csproj", "{D40DA4EC-B302-6395-1E34-9FD724966CD1}"
EndProject
Project("{FAE04EC0-301F-11D3-BF4B-00C04F79EFBC}") = "PrisonBreakVRGame.CSharp", "PrisonBreakVRGame.CSharp.csproj", "{3D89A2D7-CC14-C841-D1D3-51DF981D8380}"
EndProject
Project("{FAE04EC0-301F-11D3-BF4B-00C04F79EFBC}") = "PrisonBreakVRGame.CSharp.Editor", "PrisonBreakVRGame.CSharp.Editor.csproj", "{6F7B32E5-8BE1-6127-E4A7-ABEAA6C9F095}"
EndProject
Global
	GlobalSection(SolutionConfigurationPlatforms) = preSolution
		Debug|Any CPU = Debug|Any CPU
		Release|Any CPU = Release|Any CPU
	EndGlobalSection
	GlobalSection(ProjectConfigurationPlatforms) = postSolution
		{D40DA4EC-B302-6395-1E34-9FD724966CD1}.Debug|Any CPU.ActiveCfg = Debug|Any CPU
		{D40DA4EC-B302-6395-1E34-9FD724966CD1}.Debug|Any CPU.Build.0 = Debug|Any CPU
		{D40DA4EC-B302-6395-1E34-9FD724966CD1}.Release|Any CPU.ActiveCfg = Release|Any CPU
		{D40DA4EC-B302-6395-1E34-9FD724966CD1}.Release|Any CPU.Build.0 = Release|Any CPU
		{3D89A2D7-CC14-C841-D1D3-51DF981D8380}.Debug|Any CPU.ActiveCfg = Debug|Any CPU
		{3D89A2D7-CC14-C841-D1D3-51DF981D8380}.Debug|Any CPU.Build.0 = Debug|Any CPU
		{3D89A2D7-CC14-C841-D1D3-51DF981D8380}.Release|Any CPU.ActiveCfg = Release|Any CPU
		{3D89A2D7-CC14-C841-D1D3-51DF981D8380}.Release|Any CPU.Build.0 = Release|Any CPU
		{6F7B32E5-8BE1-6127-E4A7-ABEAA6C9F095}.Debug|Any CPU.ActiveCfg = Debug|Any CPU
		{6F7B32E5-8BE1-6127-E4A7-ABEAA6C9F095}.Debug|Any CPU.Build.0 = Debug|Any CPU
		{6F7B32E5-8BE1-6127-E4A7-ABEAA6C9F095}.Release|Any CPU.ActiveCfg = Release|Any CPU
		{6F7B32E5-8BE1-6127-E4A7-ABEAA6C9F095}.Release|Any CPU.Build.0 = Release|Any CPU
	EndGlobalSection
	GlobalSection(SolutionProperties) = preSolution
		HideSolutionNode = FALSE
	EndGlobalSection
EndGlobal
