
Microsoft Visual Studio Solution File, Format Version 12.00
# Visual Studio 2015
Project("{FAE04EC0-301F-11D3-BF4B-00C04F79EFBC}") = "testVRTK.CSharp", "testVRTK.CSharp.csproj", "{BD0C5638-4EDF-55A4-8DCD-56773646EB43}"
EndProject
Project("{FAE04EC0-301F-11D3-BF4B-00C04F79EFBC}") = "testVRTK.CSharp.Editor", "testVRTK.CSharp.Editor.csproj", "{5280799F-9192-4179-668E-219675E69AD1}"
EndProject
Global
	GlobalSection(SolutionConfigurationPlatforms) = preSolution
		Debug|Any CPU = Debug|Any CPU
		Release|Any CPU = Release|Any CPU
	EndGlobalSection
	GlobalSection(ProjectConfigurationPlatforms) = postSolution
		{BD0C5638-4EDF-55A4-8DCD-56773646EB43}.Debug|Any CPU.ActiveCfg = Debug|Any CPU
		{BD0C5638-4EDF-55A4-8DCD-56773646EB43}.Debug|Any CPU.Build.0 = Debug|Any CPU
		{BD0C5638-4EDF-55A4-8DCD-56773646EB43}.Release|Any CPU.ActiveCfg = Release|Any CPU
		{BD0C5638-4EDF-55A4-8DCD-56773646EB43}.Release|Any CPU.Build.0 = Release|Any CPU
		{5280799F-9192-4179-668E-219675E69AD1}.Debug|Any CPU.ActiveCfg = Debug|Any CPU
		{5280799F-9192-4179-668E-219675E69AD1}.Debug|Any CPU.Build.0 = Debug|Any CPU
		{5280799F-9192-4179-668E-219675E69AD1}.Release|Any CPU.ActiveCfg = Release|Any CPU
		{5280799F-9192-4179-668E-219675E69AD1}.Release|Any CPU.Build.0 = Release|Any CPU
	EndGlobalSection
	GlobalSection(SolutionProperties) = preSolution
		HideSolutionNode = FALSE
	EndGlobalSection
EndGlobal
